
Microsoft Visual Studio Solution File, Format Version 12.00
# Visual Studio Version 16
VisualStudioVersion = 16.0.32126.315
MinimumVisualStudioVersion = 10.0.40219.1
Project("{9A19103F-16F7-4668-BE54-9A1E7A4F7556}") = "Nekinu_Tile_Editor", "Nekinu_Tile_Editor.csproj", "{DC0434AF-4D54-48E9-8B72-1C6271D3094B}"
EndProject
Global
	GlobalSection(SolutionConfigurationPlatforms) = preSolution
		Debug|Any CPU = Debug|Any CPU
		Release|Any CPU = Release|Any CPU
	EndGlobalSection
	GlobalSection(ProjectConfigurationPlatforms) = postSolution
		{DC0434AF-4D54-48E9-8B72-1C6271D3094B}.Debug|Any CPU.ActiveCfg = Debug|Any CPU
		{DC0434AF-4D54-48E9-8B72-1C6271D3094B}.Debug|Any CPU.Build.0 = Debug|Any CPU
		{DC0434AF-4D54-48E9-8B72-1C6271D3094B}.Release|Any CPU.ActiveCfg = Release|Any CPU
		{DC0434AF-4D54-48E9-8B72-1C6271D3094B}.Release|Any CPU.Build.0 = Release|Any CPU
	EndGlobalSection
	GlobalSection(SolutionProperties) = preSolution
		HideSolutionNode = FALSE
	EndGlobalSection
	GlobalSection(ExtensibilityGlobals) = postSolution
		SolutionGuid = {1832A507-7213-43DC-9663-64F6165ADF2D}
	EndGlobalSection
EndGlobal
